
Microsoft Visual Studio Solution File, Format Version 12.00
# Visual Studio Version 17
VisualStudioVersion = 17.9.34616.47
MinimumVisualStudioVersion = 10.0.40219.1
Project("{8BC9CEB8-8B4A-11D0-8D11-00A0C91BC942}") = "OOP", "OOP\OOP.vcxproj", "{9C08855E-5D46-47CF-B9AA-6A6D4ECC8FF5}"
EndProject
Global
	GlobalSection(SolutionConfigurationPlatforms) = preSolution
		Debug|x64 = Debug|x64
		Debug|x86 = Debug|x86
		Release|x64 = Release|x64
		Release|x86 = Release|x86
	EndGlobalSection
	GlobalSection(ProjectConfigurationPlatforms) = postSolution
		{9C08855E-5D46-47CF-B9AA-6A6D4ECC8FF5}.Debug|x64.ActiveCfg = Debug|x64
		{9C08855E-5D46-47CF-B9AA-6A6D4ECC8FF5}.Debug|x64.Build.0 = Debug|x64
		{9C08855E-5D46-47CF-B9AA-6A6D4ECC8FF5}.Debug|x86.ActiveCfg = Debug|Win32
		{9C08855E-5D46-47CF-B9AA-6A6D4ECC8FF5}.Debug|x86.Build.0 = Debug|Win32
		{9C08855E-5D46-47CF-B9AA-6A6D4ECC8FF5}.Release|x64.ActiveCfg = Release|x64
		{9C08855E-5D46-47CF-B9AA-6A6D4ECC8FF5}.Release|x64.Build.0 = Release|x64
		{9C08855E-5D46-47CF-B9AA-6A6D4ECC8FF5}.Release|x86.ActiveCfg = Release|Win32
		{9C08855E-5D46-47CF-B9AA-6A6D4ECC8FF5}.Release|x86.Build.0 = Release|Win32
	EndGlobalSection
	GlobalSection(SolutionProperties) = preSolution
		HideSolutionNode = FALSE
	EndGlobalSection
	GlobalSection(ExtensibilityGlobals) = postSolution
		SolutionGuid = {8EECBB37-B584-4A62-A86A-EE1431F853F7}
	EndGlobalSection
EndGlobal
